
Microsoft Visual Studio Solution File, Format Version 12.00
# Visual Studio Version 17
VisualStudioVersion = 17.5.002.0
MinimumVisualStudioVersion = 10.0.40219.1
Project("{9A19103F-16F7-4668-BE54-9A1E7A4F7556}") = "phantom.CoffeeShopOrderManagementSystem.Service", "phantom.CoffeeShopOrderManagementSystem.Service.csproj", "{720ED400-A32B-4303-8805-5F8F4FFE975D}"
EndProject
Global
	GlobalSection(SolutionConfigurationPlatforms) = preSolution
		Debug|Any CPU = Debug|Any CPU
		Release|Any CPU = Release|Any CPU
	EndGlobalSection
	GlobalSection(ProjectConfigurationPlatforms) = postSolution
		{720ED400-A32B-4303-8805-5F8F4FFE975D}.Debug|Any CPU.ActiveCfg = Debug|Any CPU
		{720ED400-A32B-4303-8805-5F8F4FFE975D}.Debug|Any CPU.Build.0 = Debug|Any CPU
		{720ED400-A32B-4303-8805-5F8F4FFE975D}.Release|Any CPU.ActiveCfg = Release|Any CPU
		{720ED400-A32B-4303-8805-5F8F4FFE975D}.Release|Any CPU.Build.0 = Release|Any CPU
	EndGlobalSection
	GlobalSection(SolutionProperties) = preSolution
		HideSolutionNode = FALSE
	EndGlobalSection
	GlobalSection(ExtensibilityGlobals) = postSolution
		SolutionGuid = {BF80A12C-1328-4285-91C0-C4A164B4E33D}
	EndGlobalSection
EndGlobal
